
Microsoft Visual Studio Solution File, Format Version 12.00
# Visual Studio 2013
VisualStudioVersion = 12.0.21005.1
MinimumVisualStudioVersion = 10.0.40219.1
Project("{FAE04EC0-301F-11D3-BF4B-00C04F79EFBC}") = "BoilerPlate.App", "BoilerPlate.App\BoilerPlate.App.csproj", "{12F38A93-6CE9-4BEB-A40F-6C0167C0AB44}"
EndProject
Global
	GlobalSection(SolutionConfigurationPlatforms) = preSolution
		Debug|Any CPU = Debug|Any CPU
		Release|Any CPU = Release|Any CPU
	EndGlobalSection
	GlobalSection(ProjectConfigurationPlatforms) = postSolution
		{12F38A93-6CE9-4BEB-A40F-6C0167C0AB44}.Debug|Any CPU.ActiveCfg = Debug|Any CPU
		{12F38A93-6CE9-4BEB-A40F-6C0167C0AB44}.Debug|Any CPU.Build.0 = Debug|Any CPU
		{12F38A93-6CE9-4BEB-A40F-6C0167C0AB44}.Release|Any CPU.ActiveCfg = Release|Any CPU
		{12F38A93-6CE9-4BEB-A40F-6C0167C0AB44}.Release|Any CPU.Build.0 = Release|Any CPU
	EndGlobalSection
	GlobalSection(SolutionProperties) = preSolution
		HideSolutionNode = FALSE
	EndGlobalSection
EndGlobal
